
Microsoft Visual Studio Solution File, Format Version 12.00
# Visual Studio 14
VisualStudioVersion = 14.0.25420.1
MinimumVisualStudioVersion = 10.0.40219.1
Project("{FAE04EC0-301F-11D3-BF4B-00C04F79EFBC}") = "ToolVendorApp", "ToolVendorApp\ToolVendorApp.csproj", "{D583645B-1025-46C7-8712-8EF094DE986C}"
EndProject
Project("{FAE04EC0-301F-11D3-BF4B-00C04F79EFBC}") = "ToolVendorDB", "ToolVendorDB\ToolVendorDB.csproj", "{325148CC-E479-4F01-8914-20C688BF56E6}"
EndProject
Project("{FAE04EC0-301F-11D3-BF4B-00C04F79EFBC}") = "ToolVendorRepository", "ToolVendorRepository\ToolVendorRepository.csproj", "{C0BDE0E3-60BD-423F-8A9A-58FA8C2FD0BC}"
EndProject
Global
	GlobalSection(SolutionConfigurationPlatforms) = preSolution
		Debug|Any CPU = Debug|Any CPU
		Release|Any CPU = Release|Any CPU
	EndGlobalSection
	GlobalSection(ProjectConfigurationPlatforms) = postSolution
		{D583645B-1025-46C7-8712-8EF094DE986C}.Debug|Any CPU.ActiveCfg = Debug|Any CPU
		{D583645B-1025-46C7-8712-8EF094DE986C}.Debug|Any CPU.Build.0 = Debug|Any CPU
		{D583645B-1025-46C7-8712-8EF094DE986C}.Release|Any CPU.ActiveCfg = Release|Any CPU
		{D583645B-1025-46C7-8712-8EF094DE986C}.Release|Any CPU.Build.0 = Release|Any CPU
		{325148CC-E479-4F01-8914-20C688BF56E6}.Debug|Any CPU.ActiveCfg = Debug|Any CPU
		{325148CC-E479-4F01-8914-20C688BF56E6}.Debug|Any CPU.Build.0 = Debug|Any CPU
		{325148CC-E479-4F01-8914-20C688BF56E6}.Release|Any CPU.ActiveCfg = Release|Any CPU
		{325148CC-E479-4F01-8914-20C688BF56E6}.Release|Any CPU.Build.0 = Release|Any CPU
		{C0BDE0E3-60BD-423F-8A9A-58FA8C2FD0BC}.Debug|Any CPU.ActiveCfg = Debug|Any CPU
		{C0BDE0E3-60BD-423F-8A9A-58FA8C2FD0BC}.Debug|Any CPU.Build.0 = Debug|Any CPU
		{C0BDE0E3-60BD-423F-8A9A-58FA8C2FD0BC}.Release|Any CPU.ActiveCfg = Release|Any CPU
		{C0BDE0E3-60BD-423F-8A9A-58FA8C2FD0BC}.Release|Any CPU.Build.0 = Release|Any CPU
	EndGlobalSection
	GlobalSection(SolutionProperties) = preSolution
		HideSolutionNode = FALSE
	EndGlobalSection
EndGlobal
